
Microsoft Visual Studio Solution File, Format Version 12.00
# Visual Studio Version 16
VisualStudioVersion = 16.0.29001.49
MinimumVisualStudioVersion = 10.0.40219.1
Project("{8BC9CEB8-8B4A-11D0-8D11-00A0C91BC942}") = "PointerPractice", "PointerPractice\PointerPractice.vcxproj", "{D538104F-A62B-4725-8394-FFE3DE2B49E8}"
EndProject
Global
	GlobalSection(SolutionConfigurationPlatforms) = preSolution
		Debug|x64 = Debug|x64
		Debug|x86 = Debug|x86
		Release|x64 = Release|x64
		Release|x86 = Release|x86
	EndGlobalSection
	GlobalSection(ProjectConfigurationPlatforms) = postSolution
		{D538104F-A62B-4725-8394-FFE3DE2B49E8}.Debug|x64.ActiveCfg = Debug|x64
		{D538104F-A62B-4725-8394-FFE3DE2B49E8}.Debug|x64.Build.0 = Debug|x64
		{D538104F-A62B-4725-8394-FFE3DE2B49E8}.Debug|x86.ActiveCfg = Debug|Win32
		{D538104F-A62B-4725-8394-FFE3DE2B49E8}.Debug|x86.Build.0 = Debug|Win32
		{D538104F-A62B-4725-8394-FFE3DE2B49E8}.Release|x64.ActiveCfg = Release|x64
		{D538104F-A62B-4725-8394-FFE3DE2B49E8}.Release|x64.Build.0 = Release|x64
		{D538104F-A62B-4725-8394-FFE3DE2B49E8}.Release|x86.ActiveCfg = Release|Win32
		{D538104F-A62B-4725-8394-FFE3DE2B49E8}.Release|x86.Build.0 = Release|Win32
	EndGlobalSection
	GlobalSection(SolutionProperties) = preSolution
		HideSolutionNode = FALSE
	EndGlobalSection
	GlobalSection(ExtensibilityGlobals) = postSolution
		SolutionGuid = {A03237F0-75C4-460B-8600-43FC9D695C79}
	EndGlobalSection
EndGlobal
